
Microsoft Visual Studio Solution File, Format Version 12.00
# Visual Studio Version 17
VisualStudioVersion = 17.10.34928.147
MinimumVisualStudioVersion = 10.0.40219.1
Project("{FAE04EC0-301F-11D3-BF4B-00C04F79EFBC}") = "WooCommerce.API.ASP", "WooCommerce.API.ASP\WooCommerce.API.ASP.csproj", "{42904E99-D1B9-4248-835E-AE52632E7CE1}"
EndProject
Global
	GlobalSection(SolutionConfigurationPlatforms) = preSolution
		Debug|Any CPU = Debug|Any CPU
		Release|Any CPU = Release|Any CPU
	EndGlobalSection
	GlobalSection(ProjectConfigurationPlatforms) = postSolution
		{42904E99-D1B9-4248-835E-AE52632E7CE1}.Debug|Any CPU.ActiveCfg = Debug|Any CPU
		{42904E99-D1B9-4248-835E-AE52632E7CE1}.Debug|Any CPU.Build.0 = Debug|Any CPU
		{42904E99-D1B9-4248-835E-AE52632E7CE1}.Release|Any CPU.ActiveCfg = Release|Any CPU
		{42904E99-D1B9-4248-835E-AE52632E7CE1}.Release|Any CPU.Build.0 = Release|Any CPU
	EndGlobalSection
	GlobalSection(SolutionProperties) = preSolution
		HideSolutionNode = FALSE
	EndGlobalSection
	GlobalSection(ExtensibilityGlobals) = postSolution
		SolutionGuid = {E76984DC-EFE4-498B-9AAD-E5AD40638EA0}
	EndGlobalSection
EndGlobal
